Microsoft Visual Studio Solution File, Format Version 11.00
# Visual Studio 2010
Project("{F184B08F-C81C-45F6-A57F-5ABD9991F28F}") = "CustomizeExportAction.Module", "CustomizeExportAction.Module\CustomizeExportAction.Module.vbproj", "{F2A03B47-A7AA-47BE-8D6A-683CFFB6C3F7}"
EndProject
Project("{F184B08F-C81C-45F6-A57F-5ABD9991F28F}") = "CustomizeExportAction.Module.Web", "CustomizeExportAction.Module.Web\CustomizeExportAction.Module.Web.vbproj", "{39648A17-221D-479D-A8B9-13067FDCE78C}"
EndProject
Project("{F184B08F-C81C-45F6-A57F-5ABD9991F28F}") = "CustomizeExportAction.Web", "CustomizeExportAction.Web\CustomizeExportAction.Web.vbproj", "{774CF49F-39B3-4247-B309-0EF876A33950}"
EndProject
Project("{F184B08F-C81C-45F6-A57F-5ABD9991F28F}") = "CustomizeExportAction.Module.Win", "CustomizeExportAction.Module.Win\CustomizeExportAction.Module.Win.vbproj", "{B2190FEA-0A95-4DF6-9601-D9865BF349A4}"
EndProject
Project("{F184B08F-C81C-45F6-A57F-5ABD9991F28F}") = "CustomizeExportAction.Win", "CustomizeExportAction.Win\CustomizeExportAction.Win.vbproj", "{D7EEFC51-BF66-4877-BF9A-E7C25722E484}"
EndProject
Global
	GlobalSection(SolutionConfigurationPlatforms) = preSolution
		Debug|Any CPU = Debug|Any CPU
		EasyTest|Any CPU = EasyTest|Any CPU
		Release|Any CPU = Release|Any CPU
	EndGlobalSection
	GlobalSection(ProjectConfigurationPlatforms) = postSolution
		{F2A03B47-A7AA-47BE-8D6A-683CFFB6C3F7}.Debug|Any CPU.ActiveCfg = Debug|Any CPU
		{F2A03B47-A7AA-47BE-8D6A-683CFFB6C3F7}.Debug|Any CPU.Build.0 = Debug|Any CPU
		{F2A03B47-A7AA-47BE-8D6A-683CFFB6C3F7}.EasyTest|Any CPU.ActiveCfg = EasyTest|Any CPU
		{F2A03B47-A7AA-47BE-8D6A-683CFFB6C3F7}.EasyTest|Any CPU.Build.0 = EasyTest|Any CPU
		{F2A03B47-A7AA-47BE-8D6A-683CFFB6C3F7}.Release|Any CPU.ActiveCfg = Release|Any CPU
		{F2A03B47-A7AA-47BE-8D6A-683CFFB6C3F7}.Release|Any CPU.Build.0 = Release|Any CPU
		{39648A17-221D-479D-A8B9-13067FDCE78C}.Debug|Any CPU.ActiveCfg = Debug|Any CPU
		{39648A17-221D-479D-A8B9-13067FDCE78C}.Debug|Any CPU.Build.0 = Debug|Any CPU
		{39648A17-221D-479D-A8B9-13067FDCE78C}.EasyTest|Any CPU.ActiveCfg = EasyTest|Any CPU
		{39648A17-221D-479D-A8B9-13067FDCE78C}.EasyTest|Any CPU.Build.0 = EasyTest|Any CPU
		{39648A17-221D-479D-A8B9-13067FDCE78C}.Release|Any CPU.ActiveCfg = Release|Any CPU
		{39648A17-221D-479D-A8B9-13067FDCE78C}.Release|Any CPU.Build.0 = Release|Any CPU
		{774CF49F-39B3-4247-B309-0EF876A33950}.Debug|Any CPU.ActiveCfg = Debug|Any CPU
		{774CF49F-39B3-4247-B309-0EF876A33950}.Debug|Any CPU.Build.0 = Debug|Any CPU
		{774CF49F-39B3-4247-B309-0EF876A33950}.EasyTest|Any CPU.ActiveCfg = EasyTest|Any CPU
		{774CF49F-39B3-4247-B309-0EF876A33950}.EasyTest|Any CPU.Build.0 = EasyTest|Any CPU
		{774CF49F-39B3-4247-B309-0EF876A33950}.Release|Any CPU.ActiveCfg = Release|Any CPU
		{774CF49F-39B3-4247-B309-0EF876A33950}.Release|Any CPU.Build.0 = Release|Any CPU
		{B2190FEA-0A95-4DF6-9601-D9865BF349A4}.Debug|Any CPU.ActiveCfg = Debug|Any CPU
		{B2190FEA-0A95-4DF6-9601-D9865BF349A4}.Debug|Any CPU.Build.0 = Debug|Any CPU
		{B2190FEA-0A95-4DF6-9601-D9865BF349A4}.EasyTest|Any CPU.ActiveCfg = EasyTest|Any CPU
		{B2190FEA-0A95-4DF6-9601-D9865BF349A4}.EasyTest|Any CPU.Build.0 = EasyTest|Any CPU
		{B2190FEA-0A95-4DF6-9601-D9865BF349A4}.Release|Any CPU.ActiveCfg = Release|Any CPU
		{B2190FEA-0A95-4DF6-9601-D9865BF349A4}.Release|Any CPU.Build.0 = Release|Any CPU
		{D7EEFC51-BF66-4877-BF9A-E7C25722E484}.Debug|Any CPU.ActiveCfg = Debug|Any CPU
		{D7EEFC51-BF66-4877-BF9A-E7C25722E484}.Debug|Any CPU.Build.0 = Debug|Any CPU
		{D7EEFC51-BF66-4877-BF9A-E7C25722E484}.EasyTest|Any CPU.ActiveCfg = EasyTest|Any CPU
		{D7EEFC51-BF66-4877-BF9A-E7C25722E484}.EasyTest|Any CPU.Build.0 = EasyTest|Any CPU
		{D7EEFC51-BF66-4877-BF9A-E7C25722E484}.Release|Any CPU.ActiveCfg = Release|Any CPU
		{D7EEFC51-BF66-4877-BF9A-E7C25722E484}.Release|Any CPU.Build.0 = Release|Any CPU
	EndGlobalSection
	GlobalSection(SolutionProperties) = preSolution
		HideSolutionNode = FALSE
	EndGlobalSection
EndGlobal
